
Microsoft Visual Studio Solution File, Format Version 12.00
# Visual Studio Version 16
VisualStudioVersion = 16.0.31515.178
MinimumVisualStudioVersion = 10.0.40219.1
Project("{FAE04EC0-301F-11D3-BF4B-00C04F79EFBC}") = "Ptestemetodos", "Ptestemetodos\Ptestemetodos.csproj", "{B9F05FE0-1E2B-4386-BB2D-5B2DBF50BF80}"
EndProject
Global
	GlobalSection(SolutionConfigurationPlatforms) = preSolution
		Debug|Any CPU = Debug|Any CPU
		Release|Any CPU = Release|Any CPU
	EndGlobalSection
	GlobalSection(ProjectConfigurationPlatforms) = postSolution
		{B9F05FE0-1E2B-4386-BB2D-5B2DBF50BF80}.Debug|Any CPU.ActiveCfg = Debug|Any CPU
		{B9F05FE0-1E2B-4386-BB2D-5B2DBF50BF80}.Debug|Any CPU.Build.0 = Debug|Any CPU
		{B9F05FE0-1E2B-4386-BB2D-5B2DBF50BF80}.Release|Any CPU.ActiveCfg = Release|Any CPU
		{B9F05FE0-1E2B-4386-BB2D-5B2DBF50BF80}.Release|Any CPU.Build.0 = Release|Any CPU
	EndGlobalSection
	GlobalSection(SolutionProperties) = preSolution
		HideSolutionNode = FALSE
	EndGlobalSection
	GlobalSection(ExtensibilityGlobals) = postSolution
		SolutionGuid = {F748B377-91A4-4387-AE8E-0C23D75C29AA}
	EndGlobalSection
EndGlobal
