
Microsoft Visual Studio Solution File, Format Version 12.00
# Visual Studio Version 16
VisualStudioVersion = 16.0.31515.178
MinimumVisualStudioVersion = 10.0.40219.1
Project("{FAE04EC0-301F-11D3-BF4B-00C04F79EFBC}") = "PClasses", "PClasses\PClasses.csproj", "{6B7E4296-BFA1-4868-A648-672F1A90C31E}"
EndProject
Global
	GlobalSection(SolutionConfigurationPlatforms) = preSolution
		Debug|Any CPU = Debug|Any CPU
		Release|Any CPU = Release|Any CPU
	EndGlobalSection
	GlobalSection(ProjectConfigurationPlatforms) = postSolution
		{6B7E4296-BFA1-4868-A648-672F1A90C31E}.Debug|Any CPU.ActiveCfg = Debug|Any CPU
		{6B7E4296-BFA1-4868-A648-672F1A90C31E}.Debug|Any CPU.Build.0 = Debug|Any CPU
		{6B7E4296-BFA1-4868-A648-672F1A90C31E}.Release|Any CPU.ActiveCfg = Release|Any CPU
		{6B7E4296-BFA1-4868-A648-672F1A90C31E}.Release|Any CPU.Build.0 = Release|Any CPU
	EndGlobalSection
	GlobalSection(SolutionProperties) = preSolution
		HideSolutionNode = FALSE
	EndGlobalSection
	GlobalSection(ExtensibilityGlobals) = postSolution
		SolutionGuid = {AC1DC2F5-4733-418E-81C7-89EAE836ED23}
	EndGlobalSection
EndGlobal
