
Microsoft Visual Studio Solution File, Format Version 12.00
# Visual Studio Version 16
VisualStudioVersion = 16.0.31515.178
MinimumVisualStudioVersion = 10.0.40219.1
Project("{FAE04EC0-301F-11D3-BF4B-00C04F79EFBC}") = "Cálculo_Salário_Bruto", "Cálculo_Salário_Bruto\Cálculo_Salário_Bruto.csproj", "{7D89232D-1660-4A8F-9152-B871C350F5C0}"
EndProject
Global
	GlobalSection(SolutionConfigurationPlatforms) = preSolution
		Debug|Any CPU = Debug|Any CPU
		Release|Any CPU = Release|Any CPU
	EndGlobalSection
	GlobalSection(ProjectConfigurationPlatforms) = postSolution
		{7D89232D-1660-4A8F-9152-B871C350F5C0}.Debug|Any CPU.ActiveCfg = Debug|Any CPU
		{7D89232D-1660-4A8F-9152-B871C350F5C0}.Debug|Any CPU.Build.0 = Debug|Any CPU
		{7D89232D-1660-4A8F-9152-B871C350F5C0}.Release|Any CPU.ActiveCfg = Release|Any CPU
		{7D89232D-1660-4A8F-9152-B871C350F5C0}.Release|Any CPU.Build.0 = Release|Any CPU
	EndGlobalSection
	GlobalSection(SolutionProperties) = preSolution
		HideSolutionNode = FALSE
	EndGlobalSection
	GlobalSection(ExtensibilityGlobals) = postSolution
		SolutionGuid = {FF18BE0A-B15C-4639-BA0D-3CC97DCF004A}
	EndGlobalSection
EndGlobal
